
Microsoft Visual Studio Solution File, Format Version 12.00
# Visual Studio Version 17
VisualStudioVersion = 17.5.33627.172
MinimumVisualStudioVersion = 10.0.40219.1
Project("{FAE04EC0-301F-11D3-BF4B-00C04F79EFBC}") = "UnitTestExample", "UnitTestExample\UnitTestExample.csproj", "{07EC4213-1F19-40B0-88EC-98619190C80A}"
EndProject
Project("{FAE04EC0-301F-11D3-BF4B-00C04F79EFBC}") = "TestPayrollClass", "TestPayrollClass\TestPayrollClass.csproj", "{666BFC19-EF82-4FF2-AB05-2CBC8BA31153}"
EndProject
Global
	GlobalSection(SolutionConfigurationPlatforms) = preSolution
		Debug|Any CPU = Debug|Any CPU
		Release|Any CPU = Release|Any CPU
	EndGlobalSection
	GlobalSection(ProjectConfigurationPlatforms) = postSolution
		{07EC4213-1F19-40B0-88EC-98619190C80A}.Debug|Any CPU.ActiveCfg = Debug|Any CPU
		{07EC4213-1F19-40B0-88EC-98619190C80A}.Debug|Any CPU.Build.0 = Debug|Any CPU
		{07EC4213-1F19-40B0-88EC-98619190C80A}.Release|Any CPU.ActiveCfg = Release|Any CPU
		{07EC4213-1F19-40B0-88EC-98619190C80A}.Release|Any CPU.Build.0 = Release|Any CPU
		{666BFC19-EF82-4FF2-AB05-2CBC8BA31153}.Debug|Any CPU.ActiveCfg = Debug|Any CPU
		{666BFC19-EF82-4FF2-AB05-2CBC8BA31153}.Debug|Any CPU.Build.0 = Debug|Any CPU
		{666BFC19-EF82-4FF2-AB05-2CBC8BA31153}.Release|Any CPU.ActiveCfg = Release|Any CPU
		{666BFC19-EF82-4FF2-AB05-2CBC8BA31153}.Release|Any CPU.Build.0 = Release|Any CPU
	EndGlobalSection
	GlobalSection(SolutionProperties) = preSolution
		HideSolutionNode = FALSE
	EndGlobalSection
	GlobalSection(ExtensibilityGlobals) = postSolution
		SolutionGuid = {7D92FE8E-3D64-401B-B4F6-D7FF95EA32B2}
	EndGlobalSection
EndGlobal
