
Microsoft Visual Studio Solution File, Format Version 12.00
# Visual Studio Version 17
VisualStudioVersion = 17.6.33829.357
MinimumVisualStudioVersion = 10.0.40219.1
Project("{FAE04EC0-301F-11D3-BF4B-00C04F79EFBC}") = "RabbitMQSender", "RabbitMQSender\RabbitMQSender.csproj", "{8E449E58-7589-49EF-85A4-4080C0C750A5}"
EndProject
Project("{FAE04EC0-301F-11D3-BF4B-00C04F79EFBC}") = "RabbitMQReceiver1", "RabbitMQReceiver1\RabbitMQReceiver1.csproj", "{730332D4-89AE-4344-B250-F3F24D21AAF6}"
EndProject
Project("{FAE04EC0-301F-11D3-BF4B-00C04F79EFBC}") = "RabbitMQReceiver2", "RabbitMQReceiver2\RabbitMQReceiver2.csproj", "{B83B9709-63A7-4F54-882C-9D5C7AB9EA91}"
EndProject
Global
	GlobalSection(SolutionConfigurationPlatforms) = preSolution
		Debug|Any CPU = Debug|Any CPU
		Release|Any CPU = Release|Any CPU
	EndGlobalSection
	GlobalSection(ProjectConfigurationPlatforms) = postSolution
		{8E449E58-7589-49EF-85A4-4080C0C750A5}.Debug|Any CPU.ActiveCfg = Debug|Any CPU
		{8E449E58-7589-49EF-85A4-4080C0C750A5}.Debug|Any CPU.Build.0 = Debug|Any CPU
		{8E449E58-7589-49EF-85A4-4080C0C750A5}.Release|Any CPU.ActiveCfg = Release|Any CPU
		{8E449E58-7589-49EF-85A4-4080C0C750A5}.Release|Any CPU.Build.0 = Release|Any CPU
		{730332D4-89AE-4344-B250-F3F24D21AAF6}.Debug|Any CPU.ActiveCfg = Debug|Any CPU
		{730332D4-89AE-4344-B250-F3F24D21AAF6}.Debug|Any CPU.Build.0 = Debug|Any CPU
		{730332D4-89AE-4344-B250-F3F24D21AAF6}.Release|Any CPU.ActiveCfg = Release|Any CPU
		{730332D4-89AE-4344-B250-F3F24D21AAF6}.Release|Any CPU.Build.0 = Release|Any CPU
		{B83B9709-63A7-4F54-882C-9D5C7AB9EA91}.Debug|Any CPU.ActiveCfg = Debug|Any CPU
		{B83B9709-63A7-4F54-882C-9D5C7AB9EA91}.Debug|Any CPU.Build.0 = Debug|Any CPU
		{B83B9709-63A7-4F54-882C-9D5C7AB9EA91}.Release|Any CPU.ActiveCfg = Release|Any CPU
		{B83B9709-63A7-4F54-882C-9D5C7AB9EA91}.Release|Any CPU.Build.0 = Release|Any CPU
	EndGlobalSection
	GlobalSection(SolutionProperties) = preSolution
		HideSolutionNode = FALSE
	EndGlobalSection
	GlobalSection(ExtensibilityGlobals) = postSolution
		SolutionGuid = {5E3DA9D9-F337-4455-A0CA-F83AC151FB32}
	EndGlobalSection
EndGlobal
